
Microsoft Visual Studio Solution File, Format Version 12.00
# Visual Studio Version 17
VisualStudioVersion = 17.2.32516.85
MinimumVisualStudioVersion = 10.0.40219.1
Project("{FAE04EC0-301F-11D3-BF4B-00C04F79EFBC}") = "T10AppdeRegisto", "T10AppdeRegisto\T10AppdeRegisto.csproj", "{0BE97C68-0728-4501-A51F-587715E6EAFC}"
EndProject
Global
	GlobalSection(SolutionConfigurationPlatforms) = preSolution
		Debug|Any CPU = Debug|Any CPU
		Release|Any CPU = Release|Any CPU
	EndGlobalSection
	GlobalSection(ProjectConfigurationPlatforms) = postSolution
		{0BE97C68-0728-4501-A51F-587715E6EAFC}.Debug|Any CPU.ActiveCfg = Debug|Any CPU
		{0BE97C68-0728-4501-A51F-587715E6EAFC}.Debug|Any CPU.Build.0 = Debug|Any CPU
		{0BE97C68-0728-4501-A51F-587715E6EAFC}.Release|Any CPU.ActiveCfg = Release|Any CPU
		{0BE97C68-0728-4501-A51F-587715E6EAFC}.Release|Any CPU.Build.0 = Release|Any CPU
	EndGlobalSection
	GlobalSection(SolutionProperties) = preSolution
		HideSolutionNode = FALSE
	EndGlobalSection
	GlobalSection(ExtensibilityGlobals) = postSolution
		SolutionGuid = {6A8E8236-D058-4426-8A6E-ECF953524B04}
	EndGlobalSection
EndGlobal
